
Microsoft Visual Studio Solution File, Format Version 12.00
# Visual Studio Version 17
VisualStudioVersion = 17.6.33829.357
MinimumVisualStudioVersion = 10.0.40219.1
Project("{9A19103F-16F7-4668-BE54-9A1E7A4F7556}") = "WebApp", "WebApp\WebApp.csproj", "{E7B658B6-51F6-432C-8588-768261551A7E}"
	ProjectSection(ProjectDependencies) = postProject
		{FD6C0AEA-040F-45A8-9CA3-AB062BB3426C} = {FD6C0AEA-040F-45A8-9CA3-AB062BB3426C}
	EndProjectSection
EndProject
Project("{FAE04EC0-301F-11D3-BF4B-00C04F79EFBC}") = "BankDataWebService", "BankDataWebService\BankDataWebService.csproj", "{FD6C0AEA-040F-45A8-9CA3-AB062BB3426C}"
EndProject
Global
	GlobalSection(SolutionConfigurationPlatforms) = preSolution
		Debug|Any CPU = Debug|Any CPU
		Release|Any CPU = Release|Any CPU
	EndGlobalSection
	GlobalSection(ProjectConfigurationPlatforms) = postSolution
		{E7B658B6-51F6-432C-8588-768261551A7E}.Debug|Any CPU.ActiveCfg = Debug|Any CPU
		{E7B658B6-51F6-432C-8588-768261551A7E}.Debug|Any CPU.Build.0 = Debug|Any CPU
		{E7B658B6-51F6-432C-8588-768261551A7E}.Release|Any CPU.ActiveCfg = Release|Any CPU
		{E7B658B6-51F6-432C-8588-768261551A7E}.Release|Any CPU.Build.0 = Release|Any CPU
		{FD6C0AEA-040F-45A8-9CA3-AB062BB3426C}.Debug|Any CPU.ActiveCfg = Debug|Any CPU
		{FD6C0AEA-040F-45A8-9CA3-AB062BB3426C}.Debug|Any CPU.Build.0 = Debug|Any CPU
		{FD6C0AEA-040F-45A8-9CA3-AB062BB3426C}.Release|Any CPU.ActiveCfg = Release|Any CPU
		{FD6C0AEA-040F-45A8-9CA3-AB062BB3426C}.Release|Any CPU.Build.0 = Release|Any CPU
	EndGlobalSection
	GlobalSection(SolutionProperties) = preSolution
		HideSolutionNode = FALSE
	EndGlobalSection
	GlobalSection(ExtensibilityGlobals) = postSolution
		SolutionGuid = {F96E67D1-54B7-4692-9D15-A932E7167EA7}
	EndGlobalSection
EndGlobal
